
Microsoft Visual Studio Solution File, Format Version 12.00
# Visual Studio 15
VisualStudioVersion = 15.0.26730.10
MinimumVisualStudioVersion = 10.0.40219.1
Project("{2150E333-8FDC-42A3-9474-1A3956D46DE8}") = "Solution Items", "Solution Items", "{EF2909BA-419F-44EA-A0AD-D9062DB2A8C8}"
	ProjectSection(SolutionItems) = preProject
		.gitignore = .gitignore
		dnx-version.js = dnx-version.js
		NugetPackZ.bat = NugetPackZ.bat
		package.json = package.json
		README.md = README.md
		readme.txt = readme.txt
		Voodoo.Patterns.nuspec = Voodoo.Patterns.nuspec
		Voodoo.Patterns.Symbols.nuspec = Voodoo.Patterns.Symbols.nuspec
	EndProjectSection
EndProject
Project("{FAE04EC0-301F-11D3-BF4B-00C04F79EFBC}") = "Voodoo.Patterns.net40", "net40\Voodoo.Patterns.net40.csproj", "{7080A7C7-B5C8-41A4-9A1A-AEC8DA71AAAB}"
EndProject
Project("{FAE04EC0-301F-11D3-BF4B-00C04F79EFBC}") = "Voodoo.Patterns.net45", "net45\Voodoo.Patterns.net45.csproj", "{5A762F31-A282-4E40-94B5-BD68EE88BB58}"
EndProject
Project("{FAE04EC0-301F-11D3-BF4B-00C04F79EFBC}") = "Voodoo.Patterns.net451", "net451\Voodoo.Patterns.net451.csproj", "{72778481-1531-47BA-9F6D-76E34B8A9AD0}"
EndProject
Project("{FAE04EC0-301F-11D3-BF4B-00C04F79EFBC}") = "Voodoo.Patterns.net452", "net452\Voodoo.Patterns.net452.csproj", "{27BAFD98-83BC-4498-A82E-26A855F4813E}"
EndProject
Project("{FAE04EC0-301F-11D3-BF4B-00C04F79EFBC}") = "Voodoo.Patterns.net46", "net46\Voodoo.Patterns.net46.csproj", "{759DD229-4552-476E-BDD9-A72BF8FBB948}"
EndProject
Project("{2150E333-8FDC-42A3-9474-1A3956D46DE8}") = "PreviousVersions", "PreviousVersions", "{EF631077-0FE0-4C6F-B713-ADDAE8875B3E}"
EndProject
Project("{FAE04EC0-301F-11D3-BF4B-00C04F79EFBC}") = "Voodoo.Patterns", "Voodoo.Patterns\Voodoo.Patterns.csproj", "{A11E882C-4F6A-4F2F-A16C-ED0B2B8F1921}"
EndProject
Project("{9A19103F-16F7-4668-BE54-9A1E7A4F7556}") = "Voodoo.Patterns.netCoreApp10", "netCoreApp10\Voodoo.Patterns.netCoreApp10.csproj", "{1FFBE5A3-067C-4A42-8AFA-DD7693618B19}"
EndProject
Project("{9A19103F-16F7-4668-BE54-9A1E7A4F7556}") = "Voodoo.Patterns.netStandard16", "netStandard16\Voodoo.Patterns.netStandard16.csproj", "{CE117D92-2F3D-4D5A-9570-A6996F274908}"
EndProject
Project("{FAE04EC0-301F-11D3-BF4B-00C04F79EFBC}") = "Voodoo.Patterns.profile78", "Profile78\Voodoo.Patterns.profile78.csproj", "{65511DA5-FA3A-40F4-B354-14336E1D68AA}"
EndProject
Project("{FAE04EC0-301F-11D3-BF4B-00C04F79EFBC}") = "Voodoo.Patterns.Profile259", "Profile259\Voodoo.Patterns.Profile259.csproj", "{72A95B65-9996-454E-ADD1-44C6D9A8416D}"
EndProject
Project("{FAE04EC0-301F-11D3-BF4B-00C04F79EFBC}") = "Voodoo.Tests", "Voodoo.Tests\Voodoo.Tests.csproj", "{61B6F812-E5C1-4CF0-B49F-6BA54EF26EF6}"
EndProject
Project("{FAE04EC0-301F-11D3-BF4B-00C04F79EFBC}") = "Voodoo.Patterns.Tests.net40", "Tests.net40\Voodoo.Patterns.Tests.net40.csproj", "{4C49103F-E356-4A58-9799-EDA1378AA0D8}"
EndProject
Project("{9A19103F-16F7-4668-BE54-9A1E7A4F7556}") = "Voodoo.Patterns.Tests.netCoreApp10", "Tests.netCoreApp10\Voodoo.Patterns.Tests.netCoreApp10.csproj", "{AD44B4FF-0442-4CCD-8E95-9DF4775B987F}"
EndProject
Project("{9A19103F-16F7-4668-BE54-9A1E7A4F7556}") = "Voodoo.Patterns.netStandard20", "netStandard20\Voodoo.Patterns.netStandard20.csproj", "{B58AE8F0-8F34-4829-9929-D0E438B1AB07}"
EndProject
Global
	GlobalSection(SolutionConfigurationPlatforms) = preSolution
		Debug|Any CPU = Debug|Any CPU
		Debug|x64 = Debug|x64
		Debug|x86 = Debug|x86
		Release|Any CPU = Release|Any CPU
		Release|x64 = Release|x64
		Release|x86 = Release|x86
	EndGlobalSection
	GlobalSection(ProjectConfigurationPlatforms) = postSolution
		{7080A7C7-B5C8-41A4-9A1A-AEC8DA71AAAB}.Debug|Any CPU.ActiveCfg = Debug|Any CPU
		{7080A7C7-B5C8-41A4-9A1A-AEC8DA71AAAB}.Debug|Any CPU.Build.0 = Debug|Any CPU
		{7080A7C7-B5C8-41A4-9A1A-AEC8DA71AAAB}.Debug|x64.ActiveCfg = Debug|Any CPU
		{7080A7C7-B5C8-41A4-9A1A-AEC8DA71AAAB}.Debug|x64.Build.0 = Debug|Any CPU
		{7080A7C7-B5C8-41A4-9A1A-AEC8DA71AAAB}.Debug|x86.ActiveCfg = Debug|Any CPU
		{7080A7C7-B5C8-41A4-9A1A-AEC8DA71AAAB}.Debug|x86.Build.0 = Debug|Any CPU
		{7080A7C7-B5C8-41A4-9A1A-AEC8DA71AAAB}.Release|Any CPU.ActiveCfg = Release|Any CPU
		{7080A7C7-B5C8-41A4-9A1A-AEC8DA71AAAB}.Release|Any CPU.Build.0 = Release|Any CPU
		{7080A7C7-B5C8-41A4-9A1A-AEC8DA71AAAB}.Release|x64.ActiveCfg = Release|Any CPU
		{7080A7C7-B5C8-41A4-9A1A-AEC8DA71AAAB}.Release|x64.Build.0 = Release|Any CPU
		{7080A7C7-B5C8-41A4-9A1A-AEC8DA71AAAB}.Release|x86.ActiveCfg = Release|Any CPU
		{7080A7C7-B5C8-41A4-9A1A-AEC8DA71AAAB}.Release|x86.Build.0 = Release|Any CPU
		{5A762F31-A282-4E40-94B5-BD68EE88BB58}.Debug|Any CPU.ActiveCfg = Debug|Any CPU
		{5A762F31-A282-4E40-94B5-BD68EE88BB58}.Debug|Any CPU.Build.0 = Debug|Any CPU
		{5A762F31-A282-4E40-94B5-BD68EE88BB58}.Debug|x64.ActiveCfg = Debug|Any CPU
		{5A762F31-A282-4E40-94B5-BD68EE88BB58}.Debug|x64.Build.0 = Debug|Any CPU
		{5A762F31-A282-4E40-94B5-BD68EE88BB58}.Debug|x86.ActiveCfg = Debug|Any CPU
		{5A762F31-A282-4E40-94B5-BD68EE88BB58}.Debug|x86.Build.0 = Debug|Any CPU
		{5A762F31-A282-4E40-94B5-BD68EE88BB58}.Release|Any CPU.ActiveCfg = Release|Any CPU
		{5A762F31-A282-4E40-94B5-BD68EE88BB58}.Release|Any CPU.Build.0 = Release|Any CPU
		{5A762F31-A282-4E40-94B5-BD68EE88BB58}.Release|x64.ActiveCfg = Release|Any CPU
		{5A762F31-A282-4E40-94B5-BD68EE88BB58}.Release|x64.Build.0 = Release|Any CPU
		{5A762F31-A282-4E40-94B5-BD68EE88BB58}.Release|x86.ActiveCfg = Release|Any CPU
		{5A762F31-A282-4E40-94B5-BD68EE88BB58}.Release|x86.Build.0 = Release|Any CPU
		{72778481-1531-47BA-9F6D-76E34B8A9AD0}.Debug|Any CPU.ActiveCfg = Debug|Any CPU
		{72778481-1531-47BA-9F6D-76E34B8A9AD0}.Debug|Any CPU.Build.0 = Debug|Any CPU
		{72778481-1531-47BA-9F6D-76E34B8A9AD0}.Debug|x64.ActiveCfg = Debug|Any CPU
		{72778481-1531-47BA-9F6D-76E34B8A9AD0}.Debug|x64.Build.0 = Debug|Any CPU
		{72778481-1531-47BA-9F6D-76E34B8A9AD0}.Debug|x86.ActiveCfg = Debug|Any CPU
		{72778481-1531-47BA-9F6D-76E34B8A9AD0}.Debug|x86.Build.0 = Debug|Any CPU
		{72778481-1531-47BA-9F6D-76E34B8A9AD0}.Release|Any CPU.ActiveCfg = Release|Any CPU
		{72778481-1531-47BA-9F6D-76E34B8A9AD0}.Release|Any CPU.Build.0 = Release|Any CPU
		{72778481-1531-47BA-9F6D-76E34B8A9AD0}.Release|x64.ActiveCfg = Release|Any CPU
		{72778481-1531-47BA-9F6D-76E34B8A9AD0}.Release|x64.Build.0 = Release|Any CPU
		{72778481-1531-47BA-9F6D-76E34B8A9AD0}.Release|x86.ActiveCfg = Release|Any CPU
		{72778481-1531-47BA-9F6D-76E34B8A9AD0}.Release|x86.Build.0 = Release|Any CPU
		{27BAFD98-83BC-4498-A82E-26A855F4813E}.Debug|Any CPU.ActiveCfg = Debug|Any CPU
		{27BAFD98-83BC-4498-A82E-26A855F4813E}.Debug|Any CPU.Build.0 = Debug|Any CPU
		{27BAFD98-83BC-4498-A82E-26A855F4813E}.Debug|x64.ActiveCfg = Debug|Any CPU
		{27BAFD98-83BC-4498-A82E-26A855F4813E}.Debug|x64.Build.0 = Debug|Any CPU
		{27BAFD98-83BC-4498-A82E-26A855F4813E}.Debug|x86.ActiveCfg = Debug|Any CPU
		{27BAFD98-83BC-4498-A82E-26A855F4813E}.Debug|x86.Build.0 = Debug|Any CPU
		{27BAFD98-83BC-4498-A82E-26A855F4813E}.Release|Any CPU.ActiveCfg = Release|Any CPU
		{27BAFD98-83BC-4498-A82E-26A855F4813E}.Release|Any CPU.Build.0 = Release|Any CPU
		{27BAFD98-83BC-4498-A82E-26A855F4813E}.Release|x64.ActiveCfg = Release|Any CPU
		{27BAFD98-83BC-4498-A82E-26A855F4813E}.Release|x64.Build.0 = Release|Any CPU
		{27BAFD98-83BC-4498-A82E-26A855F4813E}.Release|x86.ActiveCfg = Release|Any CPU
		{27BAFD98-83BC-4498-A82E-26A855F4813E}.Release|x86.Build.0 = Release|Any CPU
		{759DD229-4552-476E-BDD9-A72BF8FBB948}.Debug|Any CPU.ActiveCfg = Debug|Any CPU
		{759DD229-4552-476E-BDD9-A72BF8FBB948}.Debug|Any CPU.Build.0 = Debug|Any CPU
		{759DD229-4552-476E-BDD9-A72BF8FBB948}.Debug|x64.ActiveCfg = Debug|Any CPU
		{759DD229-4552-476E-BDD9-A72BF8FBB948}.Debug|x64.Build.0 = Debug|Any CPU
		{759DD229-4552-476E-BDD9-A72BF8FBB948}.Debug|x86.ActiveCfg = Debug|Any CPU
		{759DD229-4552-476E-BDD9-A72BF8FBB948}.Debug|x86.Build.0 = Debug|Any CPU
		{759DD229-4552-476E-BDD9-A72BF8FBB948}.Release|Any CPU.ActiveCfg = Release|Any CPU
		{759DD229-4552-476E-BDD9-A72BF8FBB948}.Release|Any CPU.Build.0 = Release|Any CPU
		{759DD229-4552-476E-BDD9-A72BF8FBB948}.Release|x64.ActiveCfg = Release|Any CPU
		{759DD229-4552-476E-BDD9-A72BF8FBB948}.Release|x64.Build.0 = Release|Any CPU
		{759DD229-4552-476E-BDD9-A72BF8FBB948}.Release|x86.ActiveCfg = Release|Any CPU
		{759DD229-4552-476E-BDD9-A72BF8FBB948}.Release|x86.Build.0 = Release|Any CPU
		{A11E882C-4F6A-4F2F-A16C-ED0B2B8F1921}.Debug|Any CPU.ActiveCfg = Debug|Any CPU
		{A11E882C-4F6A-4F2F-A16C-ED0B2B8F1921}.Debug|Any CPU.Build.0 = Debug|Any CPU
		{A11E882C-4F6A-4F2F-A16C-ED0B2B8F1921}.Debug|x64.ActiveCfg = Debug|Any CPU
		{A11E882C-4F6A-4F2F-A16C-ED0B2B8F1921}.Debug|x64.Build.0 = Debug|Any CPU
		{A11E882C-4F6A-4F2F-A16C-ED0B2B8F1921}.Debug|x86.ActiveCfg = Debug|Any CPU
		{A11E882C-4F6A-4F2F-A16C-ED0B2B8F1921}.Debug|x86.Build.0 = Debug|Any CPU
		{A11E882C-4F6A-4F2F-A16C-ED0B2B8F1921}.Release|Any CPU.ActiveCfg = Release|Any CPU
		{A11E882C-4F6A-4F2F-A16C-ED0B2B8F1921}.Release|Any CPU.Build.0 = Release|Any CPU
		{A11E882C-4F6A-4F2F-A16C-ED0B2B8F1921}.Release|x64.ActiveCfg = Release|Any CPU
		{A11E882C-4F6A-4F2F-A16C-ED0B2B8F1921}.Release|x64.Build.0 = Release|Any CPU
		{A11E882C-4F6A-4F2F-A16C-ED0B2B8F1921}.Release|x86.ActiveCfg = Release|Any CPU
		{A11E882C-4F6A-4F2F-A16C-ED0B2B8F1921}.Release|x86.Build.0 = Release|Any CPU
		{1FFBE5A3-067C-4A42-8AFA-DD7693618B19}.Debug|Any CPU.ActiveCfg = Debug|Any CPU
		{1FFBE5A3-067C-4A42-8AFA-DD7693618B19}.Debug|Any CPU.Build.0 = Debug|Any CPU
		{1FFBE5A3-067C-4A42-8AFA-DD7693618B19}.Debug|x64.ActiveCfg = Debug|Any CPU
		{1FFBE5A3-067C-4A42-8AFA-DD7693618B19}.Debug|x64.Build.0 = Debug|Any CPU
		{1FFBE5A3-067C-4A42-8AFA-DD7693618B19}.Debug|x86.ActiveCfg = Debug|Any CPU
		{1FFBE5A3-067C-4A42-8AFA-DD7693618B19}.Debug|x86.Build.0 = Debug|Any CPU
		{1FFBE5A3-067C-4A42-8AFA-DD7693618B19}.Release|Any CPU.ActiveCfg = Release|Any CPU
		{1FFBE5A3-067C-4A42-8AFA-DD7693618B19}.Release|Any CPU.Build.0 = Release|Any CPU
		{1FFBE5A3-067C-4A42-8AFA-DD7693618B19}.Release|x64.ActiveCfg = Release|Any CPU
		{1FFBE5A3-067C-4A42-8AFA-DD7693618B19}.Release|x64.Build.0 = Release|Any CPU
		{1FFBE5A3-067C-4A42-8AFA-DD7693618B19}.Release|x86.ActiveCfg = Release|Any CPU
		{1FFBE5A3-067C-4A42-8AFA-DD7693618B19}.Release|x86.Build.0 = Release|Any CPU
		{CE117D92-2F3D-4D5A-9570-A6996F274908}.Debug|Any CPU.ActiveCfg = Debug|Any CPU
		{CE117D92-2F3D-4D5A-9570-A6996F274908}.Debug|Any CPU.Build.0 = Debug|Any CPU
		{CE117D92-2F3D-4D5A-9570-A6996F274908}.Debug|x64.ActiveCfg = Debug|Any CPU
		{CE117D92-2F3D-4D5A-9570-A6996F274908}.Debug|x64.Build.0 = Debug|Any CPU
		{CE117D92-2F3D-4D5A-9570-A6996F274908}.Debug|x86.ActiveCfg = Debug|Any CPU
		{CE117D92-2F3D-4D5A-9570-A6996F274908}.Debug|x86.Build.0 = Debug|Any CPU
		{CE117D92-2F3D-4D5A-9570-A6996F274908}.Release|Any CPU.ActiveCfg = Release|Any CPU
		{CE117D92-2F3D-4D5A-9570-A6996F274908}.Release|Any CPU.Build.0 = Release|Any CPU
		{CE117D92-2F3D-4D5A-9570-A6996F274908}.Release|x64.ActiveCfg = Release|Any CPU
		{CE117D92-2F3D-4D5A-9570-A6996F274908}.Release|x64.Build.0 = Release|Any CPU
		{CE117D92-2F3D-4D5A-9570-A6996F274908}.Release|x86.ActiveCfg = Release|Any CPU
		{CE117D92-2F3D-4D5A-9570-A6996F274908}.Release|x86.Build.0 = Release|Any CPU
		{65511DA5-FA3A-40F4-B354-14336E1D68AA}.Debug|Any CPU.ActiveCfg = Debug|Any CPU
		{65511DA5-FA3A-40F4-B354-14336E1D68AA}.Debug|Any CPU.Build.0 = Debug|Any CPU
		{65511DA5-FA3A-40F4-B354-14336E1D68AA}.Debug|x64.ActiveCfg = Debug|Any CPU
		{65511DA5-FA3A-40F4-B354-14336E1D68AA}.Debug|x64.Build.0 = Debug|Any CPU
		{65511DA5-FA3A-40F4-B354-14336E1D68AA}.Debug|x86.ActiveCfg = Debug|Any CPU
		{65511DA5-FA3A-40F4-B354-14336E1D68AA}.Debug|x86.Build.0 = Debug|Any CPU
		{65511DA5-FA3A-40F4-B354-14336E1D68AA}.Release|Any CPU.ActiveCfg = Release|Any CPU
		{65511DA5-FA3A-40F4-B354-14336E1D68AA}.Release|Any CPU.Build.0 = Release|Any CPU
		{65511DA5-FA3A-40F4-B354-14336E1D68AA}.Release|x64.ActiveCfg = Release|Any CPU
		{65511DA5-FA3A-40F4-B354-14336E1D68AA}.Release|x64.Build.0 = Release|Any CPU
		{65511DA5-FA3A-40F4-B354-14336E1D68AA}.Release|x86.ActiveCfg = Release|Any CPU
		{65511DA5-FA3A-40F4-B354-14336E1D68AA}.Release|x86.Build.0 = Release|Any CPU
		{72A95B65-9996-454E-ADD1-44C6D9A8416D}.Debug|Any CPU.ActiveCfg = Debug|Any CPU
		{72A95B65-9996-454E-ADD1-44C6D9A8416D}.Debug|Any CPU.Build.0 = Debug|Any CPU
		{72A95B65-9996-454E-ADD1-44C6D9A8416D}.Debug|x64.ActiveCfg = Debug|Any CPU
		{72A95B65-9996-454E-ADD1-44C6D9A8416D}.Debug|x64.Build.0 = Debug|Any CPU
		{72A95B65-9996-454E-ADD1-44C6D9A8416D}.Debug|x86.ActiveCfg = Debug|Any CPU
		{72A95B65-9996-454E-ADD1-44C6D9A8416D}.Debug|x86.Build.0 = Debug|Any CPU
		{72A95B65-9996-454E-ADD1-44C6D9A8416D}.Release|Any CPU.ActiveCfg = Release|Any CPU
		{72A95B65-9996-454E-ADD1-44C6D9A8416D}.Release|Any CPU.Build.0 = Release|Any CPU
		{72A95B65-9996-454E-ADD1-44C6D9A8416D}.Release|x64.ActiveCfg = Release|Any CPU
		{72A95B65-9996-454E-ADD1-44C6D9A8416D}.Release|x64.Build.0 = Release|Any CPU
		{72A95B65-9996-454E-ADD1-44C6D9A8416D}.Release|x86.ActiveCfg = Release|Any CPU
		{72A95B65-9996-454E-ADD1-44C6D9A8416D}.Release|x86.Build.0 = Release|Any CPU
		{61B6F812-E5C1-4CF0-B49F-6BA54EF26EF6}.Debug|Any CPU.ActiveCfg = Debug|Any CPU
		{61B6F812-E5C1-4CF0-B49F-6BA54EF26EF6}.Debug|Any CPU.Build.0 = Debug|Any CPU
		{61B6F812-E5C1-4CF0-B49F-6BA54EF26EF6}.Debug|x64.ActiveCfg = Debug|Any CPU
		{61B6F812-E5C1-4CF0-B49F-6BA54EF26EF6}.Debug|x64.Build.0 = Debug|Any CPU
		{61B6F812-E5C1-4CF0-B49F-6BA54EF26EF6}.Debug|x86.ActiveCfg = Debug|Any CPU
		{61B6F812-E5C1-4CF0-B49F-6BA54EF26EF6}.Debug|x86.Build.0 = Debug|Any CPU
		{61B6F812-E5C1-4CF0-B49F-6BA54EF26EF6}.Release|Any CPU.ActiveCfg = Release|Any CPU
		{61B6F812-E5C1-4CF0-B49F-6BA54EF26EF6}.Release|Any CPU.Build.0 = Release|Any CPU
		{61B6F812-E5C1-4CF0-B49F-6BA54EF26EF6}.Release|x64.ActiveCfg = Release|Any CPU
		{61B6F812-E5C1-4CF0-B49F-6BA54EF26EF6}.Release|x64.Build.0 = Release|Any CPU
		{61B6F812-E5C1-4CF0-B49F-6BA54EF26EF6}.Release|x86.ActiveCfg = Release|Any CPU
		{61B6F812-E5C1-4CF0-B49F-6BA54EF26EF6}.Release|x86.Build.0 = Release|Any CPU
		{4C49103F-E356-4A58-9799-EDA1378AA0D8}.Debug|Any CPU.ActiveCfg = Debug|Any CPU
		{4C49103F-E356-4A58-9799-EDA1378AA0D8}.Debug|Any CPU.Build.0 = Debug|Any CPU
		{4C49103F-E356-4A58-9799-EDA1378AA0D8}.Debug|x64.ActiveCfg = Debug|Any CPU
		{4C49103F-E356-4A58-9799-EDA1378AA0D8}.Debug|x64.Build.0 = Debug|Any CPU
		{4C49103F-E356-4A58-9799-EDA1378AA0D8}.Debug|x86.ActiveCfg = Debug|Any CPU
		{4C49103F-E356-4A58-9799-EDA1378AA0D8}.Debug|x86.Build.0 = Debug|Any CPU
		{4C49103F-E356-4A58-9799-EDA1378AA0D8}.Release|Any CPU.ActiveCfg = Release|Any CPU
		{4C49103F-E356-4A58-9799-EDA1378AA0D8}.Release|Any CPU.Build.0 = Release|Any CPU
		{4C49103F-E356-4A58-9799-EDA1378AA0D8}.Release|x64.ActiveCfg = Release|Any CPU
		{4C49103F-E356-4A58-9799-EDA1378AA0D8}.Release|x64.Build.0 = Release|Any CPU
		{4C49103F-E356-4A58-9799-EDA1378AA0D8}.Release|x86.ActiveCfg = Release|Any CPU
		{4C49103F-E356-4A58-9799-EDA1378AA0D8}.Release|x86.Build.0 = Release|Any CPU
		{AD44B4FF-0442-4CCD-8E95-9DF4775B987F}.Debug|Any CPU.ActiveCfg = Debug|Any CPU
		{AD44B4FF-0442-4CCD-8E95-9DF4775B987F}.Debug|Any CPU.Build.0 = Debug|Any CPU
		{AD44B4FF-0442-4CCD-8E95-9DF4775B987F}.Debug|x64.ActiveCfg = Debug|Any CPU
		{AD44B4FF-0442-4CCD-8E95-9DF4775B987F}.Debug|x64.Build.0 = Debug|Any CPU
		{AD44B4FF-0442-4CCD-8E95-9DF4775B987F}.Debug|x86.ActiveCfg = Debug|Any CPU
		{AD44B4FF-0442-4CCD-8E95-9DF4775B987F}.Debug|x86.Build.0 = Debug|Any CPU
		{AD44B4FF-0442-4CCD-8E95-9DF4775B987F}.Release|Any CPU.ActiveCfg = Release|Any CPU
		{AD44B4FF-0442-4CCD-8E95-9DF4775B987F}.Release|Any CPU.Build.0 = Release|Any CPU
		{AD44B4FF-0442-4CCD-8E95-9DF4775B987F}.Release|x64.ActiveCfg = Release|Any CPU
		{AD44B4FF-0442-4CCD-8E95-9DF4775B987F}.Release|x64.Build.0 = Release|Any CPU
		{AD44B4FF-0442-4CCD-8E95-9DF4775B987F}.Release|x86.ActiveCfg = Release|Any CPU
		{AD44B4FF-0442-4CCD-8E95-9DF4775B987F}.Release|x86.Build.0 = Release|Any CPU
		{B58AE8F0-8F34-4829-9929-D0E438B1AB07}.Debug|Any CPU.ActiveCfg = Debug|Any CPU
		{B58AE8F0-8F34-4829-9929-D0E438B1AB07}.Debug|Any CPU.Build.0 = Debug|Any CPU
		{B58AE8F0-8F34-4829-9929-D0E438B1AB07}.Debug|x64.ActiveCfg = Debug|Any CPU
		{B58AE8F0-8F34-4829-9929-D0E438B1AB07}.Debug|x64.Build.0 = Debug|Any CPU
		{B58AE8F0-8F34-4829-9929-D0E438B1AB07}.Debug|x86.ActiveCfg = Debug|Any CPU
		{B58AE8F0-8F34-4829-9929-D0E438B1AB07}.Debug|x86.Build.0 = Debug|Any CPU
		{B58AE8F0-8F34-4829-9929-D0E438B1AB07}.Release|Any CPU.ActiveCfg = Release|Any CPU
		{B58AE8F0-8F34-4829-9929-D0E438B1AB07}.Release|Any CPU.Build.0 = Release|Any CPU
		{B58AE8F0-8F34-4829-9929-D0E438B1AB07}.Release|x64.ActiveCfg = Release|Any CPU
		{B58AE8F0-8F34-4829-9929-D0E438B1AB07}.Release|x64.Build.0 = Release|Any CPU
		{B58AE8F0-8F34-4829-9929-D0E438B1AB07}.Release|x86.ActiveCfg = Release|Any CPU
		{B58AE8F0-8F34-4829-9929-D0E438B1AB07}.Release|x86.Build.0 = Release|Any CPU
	EndGlobalSection
	GlobalSection(SolutionProperties) = preSolution
		HideSolutionNode = FALSE
	EndGlobalSection
	GlobalSection(NestedProjects) = preSolution
		{7080A7C7-B5C8-41A4-9A1A-AEC8DA71AAAB} = {EF631077-0FE0-4C6F-B713-ADDAE8875B3E}
		{5A762F31-A282-4E40-94B5-BD68EE88BB58} = {EF631077-0FE0-4C6F-B713-ADDAE8875B3E}
		{72778481-1531-47BA-9F6D-76E34B8A9AD0} = {EF631077-0FE0-4C6F-B713-ADDAE8875B3E}
		{27BAFD98-83BC-4498-A82E-26A855F4813E} = {EF631077-0FE0-4C6F-B713-ADDAE8875B3E}
		{759DD229-4552-476E-BDD9-A72BF8FBB948} = {EF631077-0FE0-4C6F-B713-ADDAE8875B3E}
		{65511DA5-FA3A-40F4-B354-14336E1D68AA} = {EF631077-0FE0-4C6F-B713-ADDAE8875B3E}
		{72A95B65-9996-454E-ADD1-44C6D9A8416D} = {EF631077-0FE0-4C6F-B713-ADDAE8875B3E}
	EndGlobalSection
	GlobalSection(ExtensibilityGlobals) = postSolution
		SolutionGuid = {BA773465-B583-4238-A09F-17528BFFD1FD}
	EndGlobalSection
EndGlobal
