
Microsoft Visual Studio Solution File, Format Version 12.00
# Visual Studio 14
VisualStudioVersion = 14.0.23107.0
MinimumVisualStudioVersion = 10.0.40219.1
Project("{2150E333-8FDC-42A3-9474-1A3956D46DE8}") = "Solution Items", "Solution Items", "{EF2909BA-419F-44EA-A0AD-D9062DB2A8C8}"
	ProjectSection(SolutionItems) = preProject
		global.json = global.json
	EndProjectSection
EndProject
Project("{8BB2217D-0F2D-49D1-97BC-3654ED321F3B}") = "Voodoo.Tests", "Voodoo.Tests\Voodoo.Tests.xproj", "{5A786FE7-9C24-4268-A426-585C2CDAEFAC}"
EndProject
Project("{8BB2217D-0F2D-49D1-97BC-3654ED321F3B}") = "Voodoo", "Voodoo.Patterns\Voodoo.xproj", "{E1E5CF60-F1A7-431C-B900-40C4A6C50633}"
EndProject
Global
	GlobalSection(SolutionConfigurationPlatforms) = preSolution
		Debug|Any CPU = Debug|Any CPU
		Release net40|Any CPU = Release net40|Any CPU
		Release net45|Any CPU = Release net45|Any CPU
		Release net451|Any CPU = Release net451|Any CPU
		Release|Any CPU = Release|Any CPU
	EndGlobalSection
	GlobalSection(ProjectConfigurationPlatforms) = postSolution
		{5A786FE7-9C24-4268-A426-585C2CDAEFAC}.Debug|Any CPU.ActiveCfg = Debug|Any CPU
		{5A786FE7-9C24-4268-A426-585C2CDAEFAC}.Debug|Any CPU.Build.0 = Debug|Any CPU
		{5A786FE7-9C24-4268-A426-585C2CDAEFAC}.Release net40|Any CPU.ActiveCfg = Release|Any CPU
		{5A786FE7-9C24-4268-A426-585C2CDAEFAC}.Release net40|Any CPU.Build.0 = Release|Any CPU
		{5A786FE7-9C24-4268-A426-585C2CDAEFAC}.Release net45|Any CPU.ActiveCfg = Release|Any CPU
		{5A786FE7-9C24-4268-A426-585C2CDAEFAC}.Release net45|Any CPU.Build.0 = Release|Any CPU
		{5A786FE7-9C24-4268-A426-585C2CDAEFAC}.Release net451|Any CPU.ActiveCfg = Release|Any CPU
		{5A786FE7-9C24-4268-A426-585C2CDAEFAC}.Release net451|Any CPU.Build.0 = Release|Any CPU
		{5A786FE7-9C24-4268-A426-585C2CDAEFAC}.Release|Any CPU.ActiveCfg = Release|Any CPU
		{5A786FE7-9C24-4268-A426-585C2CDAEFAC}.Release|Any CPU.Build.0 = Release|Any CPU
		{E1E5CF60-F1A7-431C-B900-40C4A6C50633}.Debug|Any CPU.ActiveCfg = Debug|Any CPU
		{E1E5CF60-F1A7-431C-B900-40C4A6C50633}.Debug|Any CPU.Build.0 = Debug|Any CPU
		{E1E5CF60-F1A7-431C-B900-40C4A6C50633}.Release net40|Any CPU.ActiveCfg = Release|Any CPU
		{E1E5CF60-F1A7-431C-B900-40C4A6C50633}.Release net40|Any CPU.Build.0 = Release|Any CPU
		{E1E5CF60-F1A7-431C-B900-40C4A6C50633}.Release net45|Any CPU.ActiveCfg = Release|Any CPU
		{E1E5CF60-F1A7-431C-B900-40C4A6C50633}.Release net45|Any CPU.Build.0 = Release|Any CPU
		{E1E5CF60-F1A7-431C-B900-40C4A6C50633}.Release net451|Any CPU.ActiveCfg = Release|Any CPU
		{E1E5CF60-F1A7-431C-B900-40C4A6C50633}.Release net451|Any CPU.Build.0 = Release|Any CPU
		{E1E5CF60-F1A7-431C-B900-40C4A6C50633}.Release|Any CPU.ActiveCfg = Release|Any CPU
		{E1E5CF60-F1A7-431C-B900-40C4A6C50633}.Release|Any CPU.Build.0 = Release|Any CPU
	EndGlobalSection
	GlobalSection(SolutionProperties) = preSolution
		HideSolutionNode = FALSE
	EndGlobalSection
EndGlobal
