
Microsoft Visual Studio Solution File, Format Version 12.00
# Visual Studio 14
VisualStudioVersion = 14.0.22823.1
MinimumVisualStudioVersion = 10.0.40219.1
Project("{FAE04EC0-301F-11D3-BF4B-00C04F79EFBC}") = "Voodoo.PCL", "Voodoo\Voodoo.PCL.csproj", "{E2E27389-02C6-42F9-9765-F270DBC84FD4}"
EndProject
Project("{FAE04EC0-301F-11D3-BF4B-00C04F79EFBC}") = "Voodoo.Tests.PCL", "Voodoo.Tests\Voodoo.Tests.PCL.csproj", "{D3FB4510-24E4-4710-ACE3-DAA267CFD625}"
EndProject
Global
	GlobalSection(SolutionConfigurationPlatforms) = preSolution
		Debug|Any CPU = Debug|Any CPU
		Release net40|Any CPU = Release net40|Any CPU
		Release net45|Any CPU = Release net45|Any CPU
		Release net451|Any CPU = Release net451|Any CPU
		Release|Any CPU = Release|Any CPU
	EndGlobalSection
	GlobalSection(ProjectConfigurationPlatforms) = postSolution
		{E2E27389-02C6-42F9-9765-F270DBC84FD4}.Debug|Any CPU.ActiveCfg = Debug|Any CPU
		{E2E27389-02C6-42F9-9765-F270DBC84FD4}.Debug|Any CPU.Build.0 = Debug|Any CPU
		{E2E27389-02C6-42F9-9765-F270DBC84FD4}.Release net40|Any CPU.ActiveCfg = Release|Any CPU
		{E2E27389-02C6-42F9-9765-F270DBC84FD4}.Release net40|Any CPU.Build.0 = Release|Any CPU
		{E2E27389-02C6-42F9-9765-F270DBC84FD4}.Release net45|Any CPU.ActiveCfg = Release|Any CPU
		{E2E27389-02C6-42F9-9765-F270DBC84FD4}.Release net45|Any CPU.Build.0 = Release|Any CPU
		{E2E27389-02C6-42F9-9765-F270DBC84FD4}.Release net451|Any CPU.ActiveCfg = Release|Any CPU
		{E2E27389-02C6-42F9-9765-F270DBC84FD4}.Release net451|Any CPU.Build.0 = Release|Any CPU
		{E2E27389-02C6-42F9-9765-F270DBC84FD4}.Release|Any CPU.ActiveCfg = Release|Any CPU
		{E2E27389-02C6-42F9-9765-F270DBC84FD4}.Release|Any CPU.Build.0 = Release|Any CPU
		{D3FB4510-24E4-4710-ACE3-DAA267CFD625}.Debug|Any CPU.ActiveCfg = Debug|Any CPU
		{D3FB4510-24E4-4710-ACE3-DAA267CFD625}.Debug|Any CPU.Build.0 = Debug|Any CPU
		{D3FB4510-24E4-4710-ACE3-DAA267CFD625}.Release net40|Any CPU.ActiveCfg = Release net40|Any CPU
		{D3FB4510-24E4-4710-ACE3-DAA267CFD625}.Release net40|Any CPU.Build.0 = Release net40|Any CPU
		{D3FB4510-24E4-4710-ACE3-DAA267CFD625}.Release net45|Any CPU.ActiveCfg = Release net45|Any CPU
		{D3FB4510-24E4-4710-ACE3-DAA267CFD625}.Release net45|Any CPU.Build.0 = Release net45|Any CPU
		{D3FB4510-24E4-4710-ACE3-DAA267CFD625}.Release net451|Any CPU.ActiveCfg = Release net451|Any CPU
		{D3FB4510-24E4-4710-ACE3-DAA267CFD625}.Release net451|Any CPU.Build.0 = Release net451|Any CPU
		{D3FB4510-24E4-4710-ACE3-DAA267CFD625}.Release|Any CPU.ActiveCfg = Release|Any CPU
		{D3FB4510-24E4-4710-ACE3-DAA267CFD625}.Release|Any CPU.Build.0 = Release|Any CPU
	EndGlobalSection
	GlobalSection(SolutionProperties) = preSolution
		HideSolutionNode = FALSE
	EndGlobalSection
EndGlobal
