
Microsoft Visual Studio Solution File, Format Version 12.00
# Visual Studio 2013
VisualStudioVersion = 12.0.31101.0
MinimumVisualStudioVersion = 10.0.40219.1
Project("{FAE04EC0-301F-11D3-BF4B-00C04F79EFBC}") = "Voodoo.Tests", "Voodoo.Tests\Voodoo.Tests.csproj", "{D3FB4510-24E4-4710-ACE3-DAA267CFD625}"
EndProject
Project("{FAE04EC0-301F-11D3-BF4B-00C04F79EFBC}") = "Voodoo", "Voodoo\Voodoo.csproj", "{878AED33-344D-44CE-B11D-F9EA7A47113A}"
EndProject
Global
	GlobalSection(SolutionConfigurationPlatforms) = preSolution
		Debug|Any CPU = Debug|Any CPU
		Debug|ARM = Debug|ARM
		Debug|x64 = Debug|x64
		Debug|x86 = Debug|x86
		Release net40|Any CPU = Release net40|Any CPU
		Release net40|ARM = Release net40|ARM
		Release net40|x64 = Release net40|x64
		Release net40|x86 = Release net40|x86
		Release net45|Any CPU = Release net45|Any CPU
		Release net45|ARM = Release net45|ARM
		Release net45|x64 = Release net45|x64
		Release net45|x86 = Release net45|x86
		Release net451|Any CPU = Release net451|Any CPU
		Release net451|ARM = Release net451|ARM
		Release net451|x64 = Release net451|x64
		Release net451|x86 = Release net451|x86
		Release net452|Any CPU = Release net452|Any CPU
		Release net452|ARM = Release net452|ARM
		Release net452|x64 = Release net452|x64
		Release net452|x86 = Release net452|x86
		Release net46|Any CPU = Release net46|Any CPU
		Release net46|ARM = Release net46|ARM
		Release net46|x64 = Release net46|x64
		Release net46|x86 = Release net46|x86
		Release|Any CPU = Release|Any CPU
		Release|ARM = Release|ARM
		Release|x64 = Release|x64
		Release|x86 = Release|x86
	EndGlobalSection
	GlobalSection(ProjectConfigurationPlatforms) = postSolution
		{D3FB4510-24E4-4710-ACE3-DAA267CFD625}.Debug|Any CPU.ActiveCfg = Debug|Any CPU
		{D3FB4510-24E4-4710-ACE3-DAA267CFD625}.Debug|Any CPU.Build.0 = Debug|Any CPU
		{D3FB4510-24E4-4710-ACE3-DAA267CFD625}.Debug|ARM.ActiveCfg = Debug|Any CPU
		{D3FB4510-24E4-4710-ACE3-DAA267CFD625}.Debug|x64.ActiveCfg = Debug|Any CPU
		{D3FB4510-24E4-4710-ACE3-DAA267CFD625}.Debug|x86.ActiveCfg = Debug|Any CPU
		{D3FB4510-24E4-4710-ACE3-DAA267CFD625}.Release net40|Any CPU.ActiveCfg = Release net40|Any CPU
		{D3FB4510-24E4-4710-ACE3-DAA267CFD625}.Release net40|Any CPU.Build.0 = Release net40|Any CPU
		{D3FB4510-24E4-4710-ACE3-DAA267CFD625}.Release net40|ARM.ActiveCfg = Release net40|Any CPU
		{D3FB4510-24E4-4710-ACE3-DAA267CFD625}.Release net40|x64.ActiveCfg = Release net40|Any CPU
		{D3FB4510-24E4-4710-ACE3-DAA267CFD625}.Release net40|x86.ActiveCfg = Release net40|Any CPU
		{D3FB4510-24E4-4710-ACE3-DAA267CFD625}.Release net45|Any CPU.ActiveCfg = Release net45|Any CPU
		{D3FB4510-24E4-4710-ACE3-DAA267CFD625}.Release net45|Any CPU.Build.0 = Release net45|Any CPU
		{D3FB4510-24E4-4710-ACE3-DAA267CFD625}.Release net45|ARM.ActiveCfg = Release net45|Any CPU
		{D3FB4510-24E4-4710-ACE3-DAA267CFD625}.Release net45|x64.ActiveCfg = Release net45|Any CPU
		{D3FB4510-24E4-4710-ACE3-DAA267CFD625}.Release net45|x86.ActiveCfg = Release net45|Any CPU
		{D3FB4510-24E4-4710-ACE3-DAA267CFD625}.Release net451|Any CPU.ActiveCfg = Release net451|Any CPU
		{D3FB4510-24E4-4710-ACE3-DAA267CFD625}.Release net451|Any CPU.Build.0 = Release net451|Any CPU
		{D3FB4510-24E4-4710-ACE3-DAA267CFD625}.Release net451|ARM.ActiveCfg = Release net451|Any CPU
		{D3FB4510-24E4-4710-ACE3-DAA267CFD625}.Release net451|x64.ActiveCfg = Release net451|Any CPU
		{D3FB4510-24E4-4710-ACE3-DAA267CFD625}.Release net451|x86.ActiveCfg = Release net451|Any CPU
		{D3FB4510-24E4-4710-ACE3-DAA267CFD625}.Release net452|Any CPU.ActiveCfg = Release net451|Any CPU
		{D3FB4510-24E4-4710-ACE3-DAA267CFD625}.Release net452|Any CPU.Build.0 = Release net451|Any CPU
		{D3FB4510-24E4-4710-ACE3-DAA267CFD625}.Release net452|ARM.ActiveCfg = Release net451|Any CPU
		{D3FB4510-24E4-4710-ACE3-DAA267CFD625}.Release net452|ARM.Build.0 = Release net451|Any CPU
		{D3FB4510-24E4-4710-ACE3-DAA267CFD625}.Release net452|x64.ActiveCfg = Release net451|Any CPU
		{D3FB4510-24E4-4710-ACE3-DAA267CFD625}.Release net452|x64.Build.0 = Release net451|Any CPU
		{D3FB4510-24E4-4710-ACE3-DAA267CFD625}.Release net452|x86.ActiveCfg = Release net451|Any CPU
		{D3FB4510-24E4-4710-ACE3-DAA267CFD625}.Release net452|x86.Build.0 = Release net451|Any CPU
		{D3FB4510-24E4-4710-ACE3-DAA267CFD625}.Release net46|Any CPU.ActiveCfg = Release net451|Any CPU
		{D3FB4510-24E4-4710-ACE3-DAA267CFD625}.Release net46|Any CPU.Build.0 = Release net451|Any CPU
		{D3FB4510-24E4-4710-ACE3-DAA267CFD625}.Release net46|ARM.ActiveCfg = Release net451|Any CPU
		{D3FB4510-24E4-4710-ACE3-DAA267CFD625}.Release net46|ARM.Build.0 = Release net451|Any CPU
		{D3FB4510-24E4-4710-ACE3-DAA267CFD625}.Release net46|x64.ActiveCfg = Release net451|Any CPU
		{D3FB4510-24E4-4710-ACE3-DAA267CFD625}.Release net46|x64.Build.0 = Release net451|Any CPU
		{D3FB4510-24E4-4710-ACE3-DAA267CFD625}.Release net46|x86.ActiveCfg = Release net451|Any CPU
		{D3FB4510-24E4-4710-ACE3-DAA267CFD625}.Release net46|x86.Build.0 = Release net451|Any CPU
		{D3FB4510-24E4-4710-ACE3-DAA267CFD625}.Release|Any CPU.ActiveCfg = Release|Any CPU
		{D3FB4510-24E4-4710-ACE3-DAA267CFD625}.Release|Any CPU.Build.0 = Release|Any CPU
		{D3FB4510-24E4-4710-ACE3-DAA267CFD625}.Release|ARM.ActiveCfg = Release|Any CPU
		{D3FB4510-24E4-4710-ACE3-DAA267CFD625}.Release|x64.ActiveCfg = Release|Any CPU
		{D3FB4510-24E4-4710-ACE3-DAA267CFD625}.Release|x86.ActiveCfg = Release|Any CPU
		{878AED33-344D-44CE-B11D-F9EA7A47113A}.Debug|Any CPU.ActiveCfg = Debug|Any CPU
		{878AED33-344D-44CE-B11D-F9EA7A47113A}.Debug|Any CPU.Build.0 = Debug|Any CPU
		{878AED33-344D-44CE-B11D-F9EA7A47113A}.Debug|ARM.ActiveCfg = Debug|Any CPU
		{878AED33-344D-44CE-B11D-F9EA7A47113A}.Debug|ARM.Build.0 = Debug|Any CPU
		{878AED33-344D-44CE-B11D-F9EA7A47113A}.Debug|x64.ActiveCfg = Debug|Any CPU
		{878AED33-344D-44CE-B11D-F9EA7A47113A}.Debug|x64.Build.0 = Debug|Any CPU
		{878AED33-344D-44CE-B11D-F9EA7A47113A}.Debug|x86.ActiveCfg = Debug|Any CPU
		{878AED33-344D-44CE-B11D-F9EA7A47113A}.Debug|x86.Build.0 = Debug|Any CPU
		{878AED33-344D-44CE-B11D-F9EA7A47113A}.Release net40|Any CPU.ActiveCfg = Release net40|Any CPU
		{878AED33-344D-44CE-B11D-F9EA7A47113A}.Release net40|Any CPU.Build.0 = Release net40|Any CPU
		{878AED33-344D-44CE-B11D-F9EA7A47113A}.Release net40|ARM.ActiveCfg = Release net40|Any CPU
		{878AED33-344D-44CE-B11D-F9EA7A47113A}.Release net40|ARM.Build.0 = Release net40|Any CPU
		{878AED33-344D-44CE-B11D-F9EA7A47113A}.Release net40|x64.ActiveCfg = Release net40|Any CPU
		{878AED33-344D-44CE-B11D-F9EA7A47113A}.Release net40|x64.Build.0 = Release net40|Any CPU
		{878AED33-344D-44CE-B11D-F9EA7A47113A}.Release net40|x86.ActiveCfg = Release net40|Any CPU
		{878AED33-344D-44CE-B11D-F9EA7A47113A}.Release net40|x86.Build.0 = Release net40|Any CPU
		{878AED33-344D-44CE-B11D-F9EA7A47113A}.Release net45|Any CPU.ActiveCfg = Release net45|Any CPU
		{878AED33-344D-44CE-B11D-F9EA7A47113A}.Release net45|Any CPU.Build.0 = Release net45|Any CPU
		{878AED33-344D-44CE-B11D-F9EA7A47113A}.Release net45|ARM.ActiveCfg = Release net45|Any CPU
		{878AED33-344D-44CE-B11D-F9EA7A47113A}.Release net45|ARM.Build.0 = Release net45|Any CPU
		{878AED33-344D-44CE-B11D-F9EA7A47113A}.Release net45|x64.ActiveCfg = Release net45|Any CPU
		{878AED33-344D-44CE-B11D-F9EA7A47113A}.Release net45|x64.Build.0 = Release net45|Any CPU
		{878AED33-344D-44CE-B11D-F9EA7A47113A}.Release net45|x86.ActiveCfg = Release net45|Any CPU
		{878AED33-344D-44CE-B11D-F9EA7A47113A}.Release net45|x86.Build.0 = Release net45|Any CPU
		{878AED33-344D-44CE-B11D-F9EA7A47113A}.Release net451|Any CPU.ActiveCfg = Release net451|Any CPU
		{878AED33-344D-44CE-B11D-F9EA7A47113A}.Release net451|Any CPU.Build.0 = Release net451|Any CPU
		{878AED33-344D-44CE-B11D-F9EA7A47113A}.Release net451|ARM.ActiveCfg = Release net451|Any CPU
		{878AED33-344D-44CE-B11D-F9EA7A47113A}.Release net451|ARM.Build.0 = Release net451|Any CPU
		{878AED33-344D-44CE-B11D-F9EA7A47113A}.Release net451|x64.ActiveCfg = Release net451|Any CPU
		{878AED33-344D-44CE-B11D-F9EA7A47113A}.Release net451|x64.Build.0 = Release net451|Any CPU
		{878AED33-344D-44CE-B11D-F9EA7A47113A}.Release net451|x86.ActiveCfg = Release net451|Any CPU
		{878AED33-344D-44CE-B11D-F9EA7A47113A}.Release net451|x86.Build.0 = Release net451|Any CPU
		{878AED33-344D-44CE-B11D-F9EA7A47113A}.Release net452|Any CPU.ActiveCfg = Release net452|Any CPU
		{878AED33-344D-44CE-B11D-F9EA7A47113A}.Release net452|Any CPU.Build.0 = Release net452|Any CPU
		{878AED33-344D-44CE-B11D-F9EA7A47113A}.Release net452|ARM.ActiveCfg = Release net452|Any CPU
		{878AED33-344D-44CE-B11D-F9EA7A47113A}.Release net452|ARM.Build.0 = Release net452|Any CPU
		{878AED33-344D-44CE-B11D-F9EA7A47113A}.Release net452|x64.ActiveCfg = Release net452|Any CPU
		{878AED33-344D-44CE-B11D-F9EA7A47113A}.Release net452|x64.Build.0 = Release net452|Any CPU
		{878AED33-344D-44CE-B11D-F9EA7A47113A}.Release net452|x86.ActiveCfg = Release net452|Any CPU
		{878AED33-344D-44CE-B11D-F9EA7A47113A}.Release net452|x86.Build.0 = Release net452|Any CPU
		{878AED33-344D-44CE-B11D-F9EA7A47113A}.Release net46|Any CPU.ActiveCfg = Release net46|Any CPU
		{878AED33-344D-44CE-B11D-F9EA7A47113A}.Release net46|Any CPU.Build.0 = Release net46|Any CPU
		{878AED33-344D-44CE-B11D-F9EA7A47113A}.Release net46|ARM.ActiveCfg = Release net46|Any CPU
		{878AED33-344D-44CE-B11D-F9EA7A47113A}.Release net46|ARM.Build.0 = Release net46|Any CPU
		{878AED33-344D-44CE-B11D-F9EA7A47113A}.Release net46|x64.ActiveCfg = Release net46|Any CPU
		{878AED33-344D-44CE-B11D-F9EA7A47113A}.Release net46|x64.Build.0 = Release net46|Any CPU
		{878AED33-344D-44CE-B11D-F9EA7A47113A}.Release net46|x86.ActiveCfg = Release net46|Any CPU
		{878AED33-344D-44CE-B11D-F9EA7A47113A}.Release net46|x86.Build.0 = Release net46|Any CPU
		{878AED33-344D-44CE-B11D-F9EA7A47113A}.Release|Any CPU.ActiveCfg = Release net46|Any CPU
		{878AED33-344D-44CE-B11D-F9EA7A47113A}.Release|Any CPU.Build.0 = Release net46|Any CPU
		{878AED33-344D-44CE-B11D-F9EA7A47113A}.Release|ARM.ActiveCfg = Release net46|Any CPU
		{878AED33-344D-44CE-B11D-F9EA7A47113A}.Release|ARM.Build.0 = Release net46|Any CPU
		{878AED33-344D-44CE-B11D-F9EA7A47113A}.Release|x64.ActiveCfg = Release net46|Any CPU
		{878AED33-344D-44CE-B11D-F9EA7A47113A}.Release|x64.Build.0 = Release net46|Any CPU
		{878AED33-344D-44CE-B11D-F9EA7A47113A}.Release|x86.ActiveCfg = Release net46|Any CPU
		{878AED33-344D-44CE-B11D-F9EA7A47113A}.Release|x86.Build.0 = Release net46|Any CPU
	EndGlobalSection
	GlobalSection(SolutionProperties) = preSolution
		HideSolutionNode = FALSE
	EndGlobalSection
EndGlobal
